
Microsoft Visual Studio Solution File, Format Version 12.00
# Visual Studio Version 17
VisualStudioVersion = 17.3.32901.215
MinimumVisualStudioVersion = 10.0.40219.1
Project("{FAE04EC0-301F-11D3-BF4B-00C04F79EFBC}") = "api-empresa", "api-empresa\api-empresa.csproj", "{FA788F15-37C0-41EE-AC54-C73AB5826590}"
EndProject
Global
	GlobalSection(SolutionConfigurationPlatforms) = preSolution
		Debug|Any CPU = Debug|Any CPU
		Release|Any CPU = Release|Any CPU
	EndGlobalSection
	GlobalSection(ProjectConfigurationPlatforms) = postSolution
		{FA788F15-37C0-41EE-AC54-C73AB5826590}.Debug|Any CPU.ActiveCfg = Debug|Any CPU
		{FA788F15-37C0-41EE-AC54-C73AB5826590}.Debug|Any CPU.Build.0 = Debug|Any CPU
		{FA788F15-37C0-41EE-AC54-C73AB5826590}.Release|Any CPU.ActiveCfg = Release|Any CPU
		{FA788F15-37C0-41EE-AC54-C73AB5826590}.Release|Any CPU.Build.0 = Release|Any CPU
	EndGlobalSection
	GlobalSection(SolutionProperties) = preSolution
		HideSolutionNode = FALSE
	EndGlobalSection
	GlobalSection(ExtensibilityGlobals) = postSolution
		SolutionGuid = {872678DA-AD4D-461B-8B46-37680655AEDF}
	EndGlobalSection
EndGlobal
